{
  "name": "portfoliosite",
  "version": "1.0.0",
  "lockfileVersion": 1,
  "requires": true,
  "dependencies": {
    "rotate-icon": {
      "version": "1.0.3",
      "resolved": "https://registry.npmjs.org/rotate-icon/-/rotate-icon-1.0.3.tgz",
      "integrity": "sha1-nbdVNV9O6hHY3BsbLowqXiYTtVw="
    }
  }
}
